
Microsoft Visual Studio Solution File, Format Version 12.00
# Visual Studio Version 16
VisualStudioVersion = 16.0.31019.35
MinimumVisualStudioVersion = 10.0.40219.1
Project("{9A19103F-16F7-4668-BE54-9A1E7A4F7556}") = "SW01-AllerAnfangIstLeicht", "SW01-AllerAnfangIstLeicht\SW01-AllerAnfangIstLeicht.csproj", "{04152A9A-94F9-4AC0-9EF3-5EB6B9933709}"
EndProject
Project("{9A19103F-16F7-4668-BE54-9A1E7A4F7556}") = "SW01_Console_Summierer", "SW01_Console_Summierer\SW01_Console_Summierer.csproj", "{368B8B12-A909-4FB6-8AC1-60AD9BE7C2C1}"
EndProject
Project("{9A19103F-16F7-4668-BE54-9A1E7A4F7556}") = "SW2_OOP_ARRAYS_VARIABLEN", "SW2_OOP_ARRAYS_VARIABLEN\SW2_OOP_ARRAYS_VARIABLEN.csproj", "{D435342A-EF0C-4BF6-ABE0-6145A76BC43B}"
EndProject
Project("{9A19103F-16F7-4668-BE54-9A1E7A4F7556}") = "SW02_Person", "SW02_Person\SW02_Person.csproj", "{E2D9208E-DACF-4569-B293-643802226C1F}"
EndProject
Project("{9A19103F-16F7-4668-BE54-9A1E7A4F7556}") = "SW04_EnviromentKlasse", "SW04_EnviromentKlasse\SW04_EnviromentKlasse.csproj", "{26F79051-7902-4F3D-A39C-F256D6E728D8}"
EndProject
Project("{9A19103F-16F7-4668-BE54-9A1E7A4F7556}") = "SW04_Exc_List", "SW04_Exc_List\SW04_Exc_List.csproj", "{087F32BE-3F94-401B-BF97-591002146ADC}"
EndProject
Project("{9A19103F-16F7-4668-BE54-9A1E7A4F7556}") = "UnitTests", "..\MyListTests\UnitTests.csproj", "{F57AD234-6214-4863-9DC6-6A47F8586087}"
EndProject
Project("{9A19103F-16F7-4668-BE54-9A1E7A4F7556}") = "SW05_ResizableList", "SW05_ResizableList\SW05_ResizableList.csproj", "{9932398F-BC51-41DA-817E-A31245613088}"
EndProject
Project("{9A19103F-16F7-4668-BE54-9A1E7A4F7556}") = "SW06_StaticEtc", "SW06_StaticEtc\SW06_StaticEtc.csproj", "{38CD8D36-A45B-47C8-8F14-04BC40580FC5}"
EndProject
Project("{9A19103F-16F7-4668-BE54-9A1E7A4F7556}") = "SW06_Person", "SW06_Person\SW06_Person.csproj", "{528B42A6-5C39-4DB4-86B3-630EF5B71EF2}"
EndProject
Project("{FAE04EC0-301F-11D3-BF4B-00C04F79EFBC}") = "SW06_LEDs_RaspberryPi", "SW06_LEDs_RaspberryPi\SW06_LEDs_RaspberryPi.csproj", "{9129021C-2BB6-45E6-AEED-3CDBA3FC0471}"
EndProject
Global
	GlobalSection(SolutionConfigurationPlatforms) = preSolution
		Debug|Any CPU = Debug|Any CPU
		Release|Any CPU = Release|Any CPU
	EndGlobalSection
	GlobalSection(ProjectConfigurationPlatforms) = postSolution
		{04152A9A-94F9-4AC0-9EF3-5EB6B9933709}.Debug|Any CPU.ActiveCfg = Debug|Any CPU
		{04152A9A-94F9-4AC0-9EF3-5EB6B9933709}.Debug|Any CPU.Build.0 = Debug|Any CPU
		{04152A9A-94F9-4AC0-9EF3-5EB6B9933709}.Release|Any CPU.ActiveCfg = Release|Any CPU
		{04152A9A-94F9-4AC0-9EF3-5EB6B9933709}.Release|Any CPU.Build.0 = Release|Any CPU
		{368B8B12-A909-4FB6-8AC1-60AD9BE7C2C1}.Debug|Any CPU.ActiveCfg = Debug|Any CPU
		{368B8B12-A909-4FB6-8AC1-60AD9BE7C2C1}.Debug|Any CPU.Build.0 = Debug|Any CPU
		{368B8B12-A909-4FB6-8AC1-60AD9BE7C2C1}.Release|Any CPU.ActiveCfg = Release|Any CPU
		{368B8B12-A909-4FB6-8AC1-60AD9BE7C2C1}.Release|Any CPU.Build.0 = Release|Any CPU
		{D435342A-EF0C-4BF6-ABE0-6145A76BC43B}.Debug|Any CPU.ActiveCfg = Debug|Any CPU
		{D435342A-EF0C-4BF6-ABE0-6145A76BC43B}.Debug|Any CPU.Build.0 = Debug|Any CPU
		{D435342A-EF0C-4BF6-ABE0-6145A76BC43B}.Release|Any CPU.ActiveCfg = Release|Any CPU
		{D435342A-EF0C-4BF6-ABE0-6145A76BC43B}.Release|Any CPU.Build.0 = Release|Any CPU
		{E2D9208E-DACF-4569-B293-643802226C1F}.Debug|Any CPU.ActiveCfg = Debug|Any CPU
		{E2D9208E-DACF-4569-B293-643802226C1F}.Debug|Any CPU.Build.0 = Debug|Any CPU
		{E2D9208E-DACF-4569-B293-643802226C1F}.Release|Any CPU.ActiveCfg = Release|Any CPU
		{E2D9208E-DACF-4569-B293-643802226C1F}.Release|Any CPU.Build.0 = Release|Any CPU
		{26F79051-7902-4F3D-A39C-F256D6E728D8}.Debug|Any CPU.ActiveCfg = Debug|Any CPU
		{26F79051-7902-4F3D-A39C-F256D6E728D8}.Debug|Any CPU.Build.0 = Debug|Any CPU
		{26F79051-7902-4F3D-A39C-F256D6E728D8}.Release|Any CPU.ActiveCfg = Release|Any CPU
		{26F79051-7902-4F3D-A39C-F256D6E728D8}.Release|Any CPU.Build.0 = Release|Any CPU
		{087F32BE-3F94-401B-BF97-591002146ADC}.Debug|Any CPU.ActiveCfg = Debug|Any CPU
		{087F32BE-3F94-401B-BF97-591002146ADC}.Debug|Any CPU.Build.0 = Debug|Any CPU
		{087F32BE-3F94-401B-BF97-591002146ADC}.Release|Any CPU.ActiveCfg = Release|Any CPU
		{087F32BE-3F94-401B-BF97-591002146ADC}.Release|Any CPU.Build.0 = Release|Any CPU
		{F57AD234-6214-4863-9DC6-6A47F8586087}.Debug|Any CPU.ActiveCfg = Debug|Any CPU
		{F57AD234-6214-4863-9DC6-6A47F8586087}.Debug|Any CPU.Build.0 = Debug|Any CPU
		{F57AD234-6214-4863-9DC6-6A47F8586087}.Release|Any CPU.ActiveCfg = Release|Any CPU
		{F57AD234-6214-4863-9DC6-6A47F8586087}.Release|Any CPU.Build.0 = Release|Any CPU
		{9932398F-BC51-41DA-817E-A31245613088}.Debug|Any CPU.ActiveCfg = Debug|Any CPU
		{9932398F-BC51-41DA-817E-A31245613088}.Debug|Any CPU.Build.0 = Debug|Any CPU
		{9932398F-BC51-41DA-817E-A31245613088}.Release|Any CPU.ActiveCfg = Release|Any CPU
		{9932398F-BC51-41DA-817E-A31245613088}.Release|Any CPU.Build.0 = Release|Any CPU
		{38CD8D36-A45B-47C8-8F14-04BC40580FC5}.Debug|Any CPU.ActiveCfg = Debug|Any CPU
		{38CD8D36-A45B-47C8-8F14-04BC40580FC5}.Debug|Any CPU.Build.0 = Debug|Any CPU
		{38CD8D36-A45B-47C8-8F14-04BC40580FC5}.Release|Any CPU.ActiveCfg = Release|Any CPU
		{38CD8D36-A45B-47C8-8F14-04BC40580FC5}.Release|Any CPU.Build.0 = Release|Any CPU
		{528B42A6-5C39-4DB4-86B3-630EF5B71EF2}.Debug|Any CPU.ActiveCfg = Debug|Any CPU
		{528B42A6-5C39-4DB4-86B3-630EF5B71EF2}.Debug|Any CPU.Build.0 = Debug|Any CPU
		{528B42A6-5C39-4DB4-86B3-630EF5B71EF2}.Release|Any CPU.ActiveCfg = Release|Any CPU
		{528B42A6-5C39-4DB4-86B3-630EF5B71EF2}.Release|Any CPU.Build.0 = Release|Any CPU
		{9129021C-2BB6-45E6-AEED-3CDBA3FC0471}.Debug|Any CPU.ActiveCfg = Debug|Any CPU
		{9129021C-2BB6-45E6-AEED-3CDBA3FC0471}.Debug|Any CPU.Build.0 = Debug|Any CPU
		{9129021C-2BB6-45E6-AEED-3CDBA3FC0471}.Release|Any CPU.ActiveCfg = Release|Any CPU
		{9129021C-2BB6-45E6-AEED-3CDBA3FC0471}.Release|Any CPU.Build.0 = Release|Any CPU
	EndGlobalSection
	GlobalSection(SolutionProperties) = preSolution
		HideSolutionNode = FALSE
	EndGlobalSection
	GlobalSection(ExtensibilityGlobals) = postSolution
		SolutionGuid = {CDFB32FE-C0C4-4265-A126-928E28820B46}
	EndGlobalSection
EndGlobal
